// !$*UTF8*$!
{
	archiveVersion = 1;
	classes = {
	};
	objectVersion = 46;
	objects = {

/* Begin PBXBuildFile section */
		14212AE71CE4E2B200BC14F7 /* IndexViewController.swift in Sources */ = {isa = PBXBuildFile; fileRef = 14212AE61CE4E2B200BC14F7 /* IndexViewController.swift */; };
		1426DAC21CEC32B60068A442 /* SettingsViewController.swift in Sources */ = {isa = PBXBuildFile; fileRef = 1426DAC11CEC32B60068A442 /* SettingsViewController.swift */; };
		14860D321CEF77B80073302B /* CredentialsViewController.swift in Sources */ = {isa = PBXBuildFile; fileRef = 14860D311CEF77B80073302B /* CredentialsViewController.swift */; };
		14860D341CEF82BE0073302B /* Config.swift in Sources */ = {isa = PBXBuildFile; fileRef = 14860D331CEF82BE0073302B /* Config.swift */; };
		14860D361CEF83370073302B /* ImageCache.swift in Sources */ = {isa = PBXBuildFile; fileRef = 14860D351CEF83370073302B /* ImageCache.swift */; };
		14ABC4DD1CE39774006AAC2F /* AppDelegate.swift in Sources */ = {isa = PBXBuildFile; fileRef = 14ABC4DC1CE39774006AAC2F /* AppDelegate.swift */; };
		14ABC4E21CE39774006AAC2F /* Main.storyboard in Resources */ = {isa = PBXBuildFile; fileRef = 14ABC4E01CE39774006AAC2F /* Main.storyboard */; };
		14ABC4E51CE39775006AAC2F /* LitePaybook.xcdatamodeld in Sources */ = {isa = PBXBuildFile; fileRef = 14ABC4E31CE39775006AAC2F /* LitePaybook.xcdatamodeld */; };
		14ABC4E71CE39775006AAC2F /* Assets.xcassets in Resources */ = {isa = PBXBuildFile; fileRef = 14ABC4E61CE39775006AAC2F /* Assets.xcassets */; };
		14ABC4EA1CE39775006AAC2F /* LaunchScreen.storyboard in Resources */ = {isa = PBXBuildFile; fileRef = 14ABC4E81CE39775006AAC2F /* LaunchScreen.storyboard */; };
		14ABC4F51CE39775006AAC2F /* LitePaybookTests.swift in Sources */ = {isa = PBXBuildFile; fileRef = 14ABC4F41CE39775006AAC2F /* LitePaybookTests.swift */; };
		14ABC5001CE39775006AAC2F /* LitePaybookUITests.swift in Sources */ = {isa = PBXBuildFile; fileRef = 14ABC4FF1CE39775006AAC2F /* LitePaybookUITests.swift */; };
		14ABC50E1CE3A19C006AAC2F /* LogInViewController.swift in Sources */ = {isa = PBXBuildFile; fileRef = 14ABC50D1CE3A19C006AAC2F /* LogInViewController.swift */; };
		14ABC5321CE4363D006AAC2F /* LICENSE in Resources */ = {isa = PBXBuildFile; fileRef = 14ABC5301CE4363D006AAC2F /* LICENSE */; };
		14ABC5331CE4363D006AAC2F /* README.md in Sources */ = {isa = PBXBuildFile; fileRef = 14ABC5311CE4363D006AAC2F /* README.md */; };
		14BF43391CE6824800C45D64 /* BankCell.swift in Sources */ = {isa = PBXBuildFile; fileRef = 14BF43381CE6824800C45D64 /* BankCell.swift */; };
		14BF433B1CE6833C00C45D64 /* LinkAccountViewController.swift in Sources */ = {isa = PBXBuildFile; fileRef = 14BF433A1CE6833C00C45D64 /* LinkAccountViewController.swift */; };
		14BF433D1CE685BE00C45D64 /* SignUpViewController.swift in Sources */ = {isa = PBXBuildFile; fileRef = 14BF433C1CE685BE00C45D64 /* SignUpViewController.swift */; };
		14C2F57F1CEA343E008F3055 /* ApiCall.swift in Sources */ = {isa = PBXBuildFile; fileRef = 14C2F57E1CEA343E008F3055 /* ApiCall.swift */; };
		C3D11508D1E3C795D1B85BAE /* Pods_LitePaybook.framework in Frameworks */ = {isa = PBXBuildFile; fileRef = 1F0B36E378D4EDF87A8433CF /* Pods_LitePaybook.framework */; };
/* End PBXBuildFile section */

/* Begin PBXContainerItemProxy section */
		14ABC4F11CE39775006AAC2F /* PBXContainerItemProxy */ = {
			isa = PBXContainerItemProxy;
			containerPortal = 14ABC4D11CE39773006AAC2F /* Project object */;
			proxyType = 1;
			remoteGlobalIDString = 14ABC4D81CE39773006AAC2F;
			remoteInfo = LitePaybook;
		};
		14ABC4FC1CE39775006AAC2F /* PBXContainerItemProxy */ = {
			isa = PBXContainerItemProxy;
			containerPortal = 14ABC4D11CE39773006AAC2F /* Project object */;
			proxyType = 1;
			remoteGlobalIDString = 14ABC4D81CE39773006AAC2F;
			remoteInfo = LitePaybook;
		};
/* End PBXContainerItemProxy section */

/* Begin PBXFileReference section */
		14212AE61CE4E2B200BC14F7 /* IndexViewController.swift */ = {isa = PBXFileReference; fileEncoding = 4; lastKnownFileType = sourcecode.swift; path = IndexViewController.swift; sourceTree = "<group>"; };
		1426DAC11CEC32B60068A442 /* SettingsViewController.swift */ = {isa = PBXFileReference; fileEncoding = 4; lastKnownFileType = sourcecode.swift; path = SettingsViewController.swift; sourceTree = "<group>"; };
		14860D311CEF77B80073302B /* CredentialsViewController.swift */ = {isa = PBXFileReference; fileEncoding = 4; lastKnownFileType = sourcecode.swift; path = CredentialsViewController.swift; sourceTree = "<group>"; };
		14860D331CEF82BE0073302B /* Config.swift */ = {isa = PBXFileReference; fileEncoding = 4; lastKnownFileType = sourcecode.swift; path = Config.swift; sourceTree = "<group>"; };
		14860D351CEF83370073302B /* ImageCache.swift */ = {isa = PBXFileReference; fileEncoding = 4; lastKnownFileType = sourcecode.swift; path = ImageCache.swift; sourceTree = "<group>"; };
		14ABC4D91CE39774006AAC2F /* LitePaybook.app */ = {isa = PBXFileReference; explicitFileType = wrapper.application; includeInIndex = 0; path = LitePaybook.app; sourceTree = BUILT_PRODUCTS_DIR; };
		14ABC4DC1CE39774006AAC2F /* AppDelegate.swift */ = {isa = PBXFileReference; lastKnownFileType = sourcecode.swift; path = AppDelegate.swift; sourceTree = "<group>"; };
		14ABC4E11CE39774006AAC2F /* Base */ = {isa = PBXFileReference; lastKnownFileType = file.storyboard; name = Base; path = Base.lproj/Main.storyboard; sourceTree = "<group>"; };
		14ABC4E41CE39775006AAC2F /* LitePaybook.xcdatamodel */ = {isa = PBXFileReference; lastKnownFileType = wrapper.xcdatamodel; path = LitePaybook.xcdatamodel; sourceTree = "<group>"; };
		14ABC4E61CE39775006AAC2F /* Assets.xcassets */ = {isa = PBXFileReference; lastKnownFileType = folder.assetcatalog; path = Assets.xcassets; sourceTree = "<group>"; };
		14ABC4E91CE39775006AAC2F /* Base */ = {isa = PBXFileReference; lastKnownFileType = file.storyboard; name = Base; path = Base.lproj/LaunchScreen.storyboard; sourceTree = "<group>"; };
		14ABC4EB1CE39775006AAC2F /* Info.plist */ = {isa = PBXFileReference; lastKnownFileType = text.plist.xml; path = Info.plist; sourceTree = "<group>"; };
		14ABC4F01CE39775006AAC2F /* LitePaybookTests.xctest */ = {isa = PBXFileReference; explicitFileType = wrapper.cfbundle; includeInIndex = 0; path = LitePaybookTests.xctest; sourceTree = BUILT_PRODUCTS_DIR; };
		14ABC4F41CE39775006AAC2F /* LitePaybookTests.swift */ = {isa = PBXFileReference; lastKnownFileType = sourcecode.swift; path = LitePaybookTests.swift; sourceTree = "<group>"; };
		14ABC4F61CE39775006AAC2F /* Info.plist */ = {isa = PBXFileReference; lastKnownFileType = text.plist.xml; path = Info.plist; sourceTree = "<group>"; };
		14ABC4FB1CE39775006AAC2F /* LitePaybookUITests.xctest */ = {isa = PBXFileReference; explicitFileType = wrapper.cfbundle; includeInIndex = 0; path = LitePaybookUITests.xctest; sourceTree = BUILT_PRODUCTS_DIR; };
		14ABC4FF1CE39775006AAC2F /* LitePaybookUITests.swift */ = {isa = PBXFileReference; lastKnownFileType = sourcecode.swift; path = LitePaybookUITests.swift; sourceTree = "<group>"; };
		14ABC5011CE39775006AAC2F /* Info.plist */ = {isa = PBXFileReference; lastKnownFileType = text.plist.xml; path = Info.plist; sourceTree = "<group>"; };
		14ABC50D1CE3A19C006AAC2F /* LogInViewController.swift */ = {isa = PBXFileReference; fileEncoding = 4; lastKnownFileType = sourcecode.swift; path = LogInViewController.swift; sourceTree = "<group>"; };
		14ABC52D1CE3C669006AAC2F /* LitePaybook-Bridging-Header.h */ = {isa = PBXFileReference; lastKnownFileType = sourcecode.c.h; path = "LitePaybook-Bridging-Header.h"; sourceTree = SOURCE_ROOT; };
		14ABC5301CE4363D006AAC2F /* LICENSE */ = {isa = PBXFileReference; fileEncoding = 4; lastKnownFileType = text; path = LICENSE; sourceTree = "<group>"; };
		14ABC5311CE4363D006AAC2F /* README.md */ = {isa = PBXFileReference; fileEncoding = 4; lastKnownFileType = net.daringfireball.markdown; path = README.md; sourceTree = "<group>"; };
		14BF43381CE6824800C45D64 /* BankCell.swift */ = {isa = PBXFileReference; fileEncoding = 4; lastKnownFileType = sourcecode.swift; path = BankCell.swift; sourceTree = "<group>"; };
		14BF433A1CE6833C00C45D64 /* LinkAccountViewController.swift */ = {isa = PBXFileReference; fileEncoding = 4; lastKnownFileType = sourcecode.swift; path = LinkAccountViewController.swift; sourceTree = "<group>"; };
		14BF433C1CE685BE00C45D64 /* SignUpViewController.swift */ = {isa = PBXFileReference; fileEncoding = 4; lastKnownFileType = sourcecode.swift; path = SignUpViewController.swift; sourceTree = "<group>"; };
		14C2F57E1CEA343E008F3055 /* ApiCall.swift */ = {isa = PBXFileReference; fileEncoding = 4; lastKnownFileType = sourcecode.swift; path = ApiCall.swift; sourceTree = "<group>"; };
		1F0B36E378D4EDF87A8433CF /* Pods_LitePaybook.framework */ = {isa = PBXFileReference; explicitFileType = wrapper.framework; includeInIndex = 0; path = Pods_LitePaybook.framework; sourceTree = BUILT_PRODUCTS_DIR; };
		E6D4FD635243272933D6EEF0 /* Pods-LitePaybook.release.xcconfig */ = {isa = PBXFileReference; includeInIndex = 1; lastKnownFileType = text.xcconfig; name = "Pods-LitePaybook.release.xcconfig"; path = "Pods/Target Support Files/Pods-LitePaybook/Pods-LitePaybook.release.xcconfig"; sourceTree = "<group>"; };
		F8F7397432A26BED8ABF2BC2 /* Pods-LitePaybook.debug.xcconfig */ = {isa = PBXFileReference; includeInIndex = 1; lastKnownFileType = text.xcconfig; name = "Pods-LitePaybook.debug.xcconfig"; path = "Pods/Target Support Files/Pods-LitePaybook/Pods-LitePaybook.debug.xcconfig"; sourceTree = "<group>"; };
/* End PBXFileReference section */

/* Begin PBXFrameworksBuildPhase section */
		14ABC4D61CE39773006AAC2F /* Frameworks */ = {
			isa = PBXFrameworksBuildPhase;
			buildActionMask = 2147483647;
			files = (
				C3D11508D1E3C795D1B85BAE /* Pods_LitePaybook.framework in Frameworks */,
			);
			runOnlyForDeploymentPostprocessing = 0;
		};
		14ABC4ED1CE39775006AAC2F /* Frameworks */ = {
			isa = PBXFrameworksBuildPhase;
			buildActionMask = 2147483647;
			files = (
			);
			runOnlyForDeploymentPostprocessing = 0;
		};
		14ABC4F81CE39775006AAC2F /* Frameworks */ = {
			isa = PBXFrameworksBuildPhase;
			buildActionMask = 2147483647;
			files = (
			);
			runOnlyForDeploymentPostprocessing = 0;
		};
/* End PBXFrameworksBuildPhase section */

/* Begin PBXGroup section */
		14ABC4D01CE39773006AAC2F = {
			isa = PBXGroup;
			children = (
				14ABC4DB1CE39774006AAC2F /* LitePaybook */,
				14ABC4F31CE39775006AAC2F /* LitePaybookTests */,
				14ABC4FE1CE39775006AAC2F /* LitePaybookUITests */,
				14ABC4DA1CE39774006AAC2F /* Products */,
				32526E4E4418621413F99E29 /* Pods */,
				DEC4A212A97695C4EAED6D2C /* Frameworks */,
			);
			sourceTree = "<group>";
		};
		14ABC4DA1CE39774006AAC2F /* Products */ = {
			isa = PBXGroup;
			children = (
				14ABC4D91CE39774006AAC2F /* LitePaybook.app */,
				14ABC4F01CE39775006AAC2F /* LitePaybookTests.xctest */,
				14ABC4FB1CE39775006AAC2F /* LitePaybookUITests.xctest */,
			);
			name = Products;
			sourceTree = "<group>";
		};
		14ABC4DB1CE39774006AAC2F /* LitePaybook */ = {
			isa = PBXGroup;
			children = (
				14ABC5301CE4363D006AAC2F /* LICENSE */,
				14ABC5311CE4363D006AAC2F /* README.md */,
				14ABC5121CE3A25F006AAC2F /* Controllers */,
				14ABC5111CE3A24D006AAC2F /* Config */,
				14ABC4DC1CE39774006AAC2F /* AppDelegate.swift */,
				1426DAC11CEC32B60068A442 /* SettingsViewController.swift */,
				14C2F57E1CEA343E008F3055 /* ApiCall.swift */,
				14860D351CEF83370073302B /* ImageCache.swift */,
				14ABC4E61CE39775006AAC2F /* Assets.xcassets */,
				14ABC4E01CE39774006AAC2F /* Main.storyboard */,
				14ABC4E81CE39775006AAC2F /* LaunchScreen.storyboard */,
				14ABC4EB1CE39775006AAC2F /* Info.plist */,
				14ABC4E31CE39775006AAC2F /* LitePaybook.xcdatamodeld */,
				14ABC52D1CE3C669006AAC2F /* LitePaybook-Bridging-Header.h */,
			);
			path = LitePaybook;
			sourceTree = "<group>";
		};
		14ABC4F31CE39775006AAC2F /* LitePaybookTests */ = {
			isa = PBXGroup;
			children = (
				14ABC4F41CE39775006AAC2F /* LitePaybookTests.swift */,
				14ABC4F61CE39775006AAC2F /* Info.plist */,
			);
			path = LitePaybookTests;
			sourceTree = "<group>";
		};
		14ABC4FE1CE39775006AAC2F /* LitePaybookUITests */ = {
			isa = PBXGroup;
			children = (
				14ABC4FF1CE39775006AAC2F /* LitePaybookUITests.swift */,
				14ABC5011CE39775006AAC2F /* Info.plist */,
			);
			path = LitePaybookUITests;
			sourceTree = "<group>";
		};
		14ABC5111CE3A24D006AAC2F /* Config */ = {
			isa = PBXGroup;
			children = (
				14860D331CEF82BE0073302B /* Config.swift */,
			);
			name = Config;
			sourceTree = "<group>";
		};
		14ABC5121CE3A25F006AAC2F /* Controllers */ = {
			isa = PBXGroup;
			children = (
				14212AE61CE4E2B200BC14F7 /* IndexViewController.swift */,
				14ABC50D1CE3A19C006AAC2F /* LogInViewController.swift */,
				14BF433C1CE685BE00C45D64 /* SignUpViewController.swift */,
				14BF433A1CE6833C00C45D64 /* LinkAccountViewController.swift */,
				14860D311CEF77B80073302B /* CredentialsViewController.swift */,
				14BF43381CE6824800C45D64 /* BankCell.swift */,
			);
			name = Controllers;
			sourceTree = "<group>";
		};
		32526E4E4418621413F99E29 /* Pods */ = {
			isa = PBXGroup;
			children = (
				F8F7397432A26BED8ABF2BC2 /* Pods-LitePaybook.debug.xcconfig */,
				E6D4FD635243272933D6EEF0 /* Pods-LitePaybook.release.xcconfig */,
			);
			name = Pods;
			sourceTree = "<group>";
		};
		DEC4A212A97695C4EAED6D2C /* Frameworks */ = {
			isa = PBXGroup;
			children = (
				1F0B36E378D4EDF87A8433CF /* Pods_LitePaybook.framework */,
			);
			name = Frameworks;
			sourceTree = "<group>";
		};
/* End PBXGroup section */

/* Begin PBXNativeTarget section */
		14ABC4D81CE39773006AAC2F /* LitePaybook */ = {
			isa = PBXNativeTarget;
			buildConfigurationList = 14ABC5041CE39775006AAC2F /* Build configuration list for PBXNativeTarget "LitePaybook" */;
			buildPhases = (
				3FBE260E341AFCD9EBCA639C /* 📦 Check Pods Manifest.lock */,
				14ABC4D51CE39773006AAC2F /* Sources */,
				14ABC4D61CE39773006AAC2F /* Frameworks */,
				14ABC4D71CE39773006AAC2F /* Resources */,
				7F1D2F2CC2C5BD077226AF28 /* 📦 Embed Pods Frameworks */,
				77AC6B7C83F0A1DDA6FD4F1F /* 📦 Copy Pods Resources */,
			);
			buildRules = (
			);
			dependencies = (
			);
			name = LitePaybook;
			productName = LitePaybook;
			productReference = 14ABC4D91CE39774006AAC2F /* LitePaybook.app */;
			productType = "com.apple.product-type.application";
		};
		14ABC4EF1CE39775006AAC2F /* LitePaybookTests */ = {
			isa = PBXNativeTarget;
			buildConfigurationList = 14ABC5071CE39775006AAC2F /* Build configuration list for PBXNativeTarget "LitePaybookTests" */;
			buildPhases = (
				14ABC4EC1CE39775006AAC2F /* Sources */,
				14ABC4ED1CE39775006AAC2F /* Frameworks */,
				14ABC4EE1CE39775006AAC2F /* Resources */,
			);
			buildRules = (
			);
			dependencies = (
				14ABC4F21CE39775006AAC2F /* PBXTargetDependency */,
			);
			name = LitePaybookTests;
			productName = LitePaybookTests;
			productReference = 14ABC4F01CE39775006AAC2F /* LitePaybookTests.xctest */;
			productType = "com.apple.product-type.bundle.unit-test";
		};
		14ABC4FA1CE39775006AAC2F /* LitePaybookUITests */ = {
			isa = PBXNativeTarget;
			buildConfigurationList = 14ABC50A1CE39775006AAC2F /* Build configuration list for PBXNativeTarget "LitePaybookUITests" */;
			buildPhases = (
				14ABC4F71CE39775006AAC2F /* Sources */,
				14ABC4F81CE39775006AAC2F /* Frameworks */,
				14ABC4F91CE39775006AAC2F /* Resources */,
			);
			buildRules = (
			);
			dependencies = (
				14ABC4FD1CE39775006AAC2F /* PBXTargetDependency */,
			);
			name = LitePaybookUITests;
			productName = LitePaybookUITests;
			productReference = 14ABC4FB1CE39775006AAC2F /* LitePaybookUITests.xctest */;
			productType = "com.apple.product-type.bundle.ui-testing";
		};
/* End PBXNativeTarget section */

/* Begin PBXProject section */
		14ABC4D11CE39773006AAC2F /* Project object */ = {
			isa = PBXProject;
			attributes = {
				LastSwiftUpdateCheck = 0730;
				LastUpgradeCheck = 0730;
				ORGANIZATIONNAME = "Gabriel Villarreal";
				TargetAttributes = {
					14ABC4D81CE39773006AAC2F = {
						CreatedOnToolsVersion = 7.3;
					};
					14ABC4EF1CE39775006AAC2F = {
						CreatedOnToolsVersion = 7.3;
						TestTargetID = 14ABC4D81CE39773006AAC2F;
					};
					14ABC4FA1CE39775006AAC2F = {
						CreatedOnToolsVersion = 7.3;
						TestTargetID = 14ABC4D81CE39773006AAC2F;
					};
				};
			};
			buildConfigurationList = 14ABC4D41CE39773006AAC2F /* Build configuration list for PBXProject "LitePaybook" */;
			compatibilityVersion = "Xcode 3.2";
			developmentRegion = English;
			hasScannedForEncodings = 0;
			knownRegions = (
				en,
				Base,
			);
			mainGroup = 14ABC4D01CE39773006AAC2F;
			productRefGroup = 14ABC4DA1CE39774006AAC2F /* Products */;
			projectDirPath = "";
			projectRoot = "";
			targets = (
				14ABC4D81CE39773006AAC2F /* LitePaybook */,
				14ABC4EF1CE39775006AAC2F /* LitePaybookTests */,
				14ABC4FA1CE39775006AAC2F /* LitePaybookUITests */,
			);
		};
/* End PBXProject section */

/* Begin PBXResourcesBuildPhase section */
		14ABC4D71CE39773006AAC2F /* Resources */ = {
			isa = PBXResourcesBuildPhase;
			buildActionMask = 2147483647;
			files = (
				14ABC4EA1CE39775006AAC2F /* LaunchScreen.storyboard in Resources */,
				14ABC4E71CE39775006AAC2F /* Assets.xcassets in Resources */,
				14ABC5321CE4363D006AAC2F /* LICENSE in Resources */,
				14ABC4E21CE39774006AAC2F /* Main.storyboard in Resources */,
			);
			runOnlyForDeploymentPostprocessing = 0;
		};
		14ABC4EE1CE39775006AAC2F /* Resources */ = {
			isa = PBXResourcesBuildPhase;
			buildActionMask = 2147483647;
			files = (
			);
			runOnlyForDeploymentPostprocessing = 0;
		};
		14ABC4F91CE39775006AAC2F /* Resources */ = {
			isa = PBXResourcesBuildPhase;
			buildActionMask = 2147483647;
			files = (
			);
			runOnlyForDeploymentPostprocessing = 0;
		};
/* End PBXResourcesBuildPhase section */

/* Begin PBXShellScriptBuildPhase section */
		3FBE260E341AFCD9EBCA639C /* 📦 Check Pods Manifest.lock */ = {
			isa = PBXShellScriptBuildPhase;
			buildActionMask = 2147483647;
			files = (
			);
			inputPaths = (
			);
			name = "📦 Check Pods Manifest.lock";
			outputPaths = (
			);
			runOnlyForDeploymentPostprocessing = 0;
			shellPath = /bin/sh;
			shellScript = "diff \"${PODS_ROOT}/../Podfile.lock\" \"${PODS_ROOT}/Manifest.lock\" > /dev/null\nif [[ $? != 0 ]] ; then\n    cat << EOM\nerror: The sandbox is not in sync with the Podfile.lock. Run 'pod install' or update your CocoaPods installation.\nEOM\n    exit 1\nfi\n";
			showEnvVarsInLog = 0;
		};
		77AC6B7C83F0A1DDA6FD4F1F /* 📦 Copy Pods Resources */ = {
			isa = PBXShellScriptBuildPhase;
			buildActionMask = 2147483647;
			files = (
			);
			inputPaths = (
			);
			name = "📦 Copy Pods Resources";
			outputPaths = (
			);
			runOnlyForDeploymentPostprocessing = 0;
			shellPath = /bin/sh;
			shellScript = "\"${SRCROOT}/Pods/Target Support Files/Pods-LitePaybook/Pods-LitePaybook-resources.sh\"\n";
			showEnvVarsInLog = 0;
		};
		7F1D2F2CC2C5BD077226AF28 /* 📦 Embed Pods Frameworks */ = {
			isa = PBXShellScriptBuildPhase;
			buildActionMask = 2147483647;
			files = (
			);
			inputPaths = (
			);
			name = "📦 Embed Pods Frameworks";
			outputPaths = (
			);
			runOnlyForDeploymentPostprocessing = 0;
			shellPath = /bin/sh;
			shellScript = "\"${SRCROOT}/Pods/Target Support Files/Pods-LitePaybook/Pods-LitePaybook-frameworks.sh\"\n";
			showEnvVarsInLog = 0;
		};
/* End PBXShellScriptBuildPhase section */

/* Begin PBXSourcesBuildPhase section */
		14ABC4D51CE39773006AAC2F /* Sources */ = {
			isa = PBXSourcesBuildPhase;
			buildActionMask = 2147483647;
			files = (
				14C2F57F1CEA343E008F3055 /* ApiCall.swift in Sources */,
				14860D361CEF83370073302B /* ImageCache.swift in Sources */,
				14ABC50E1CE3A19C006AAC2F /* LogInViewController.swift in Sources */,
				14ABC5331CE4363D006AAC2F /* README.md in Sources */,
				14BF43391CE6824800C45D64 /* BankCell.swift in Sources */,
				14BF433B1CE6833C00C45D64 /* LinkAccountViewController.swift in Sources */,
				14860D341CEF82BE0073302B /* Config.swift in Sources */,
				14ABC4E51CE39775006AAC2F /* LitePaybook.xcdatamodeld in Sources */,
				14860D321CEF77B80073302B /* CredentialsViewController.swift in Sources */,
				14BF433D1CE685BE00C45D64 /* SignUpViewController.swift in Sources */,
				14ABC4DD1CE39774006AAC2F /* AppDelegate.swift in Sources */,
				14212AE71CE4E2B200BC14F7 /* IndexViewController.swift in Sources */,
				1426DAC21CEC32B60068A442 /* SettingsViewController.swift in Sources */,
			);
			runOnlyForDeploymentPostprocessing = 0;
		};
		14ABC4EC1CE39775006AAC2F /* Sources */ = {
			isa = PBXSourcesBuildPhase;
			buildActionMask = 2147483647;
			files = (
				14ABC4F51CE39775006AAC2F /* LitePaybookTests.swift in Sources */,
			);
			runOnlyForDeploymentPostprocessing = 0;
		};
		14ABC4F71CE39775006AAC2F /* Sources */ = {
			isa = PBXSourcesBuildPhase;
			buildActionMask = 2147483647;
			files = (
				14ABC5001CE39775006AAC2F /* LitePaybookUITests.swift in Sources */,
			);
			runOnlyForDeploymentPostprocessing = 0;
		};
/* End PBXSourcesBuildPhase section */

/* Begin PBXTargetDependency section */
		14ABC4F21CE39775006AAC2F /* PBXTargetDependency */ = {
			isa = PBXTargetDependency;
			target = 14ABC4D81CE39773006AAC2F /* LitePaybook */;
			targetProxy = 14ABC4F11CE39775006AAC2F /* PBXContainerItemProxy */;
		};
		14ABC4FD1CE39775006AAC2F /* PBXTargetDependency */ = {
			isa = PBXTargetDependency;
			target = 14ABC4D81CE39773006AAC2F /* LitePaybook */;
			targetProxy = 14ABC4FC1CE39775006AAC2F /* PBXContainerItemProxy */;
		};
/* End PBXTargetDependency section */

/* Begin PBXVariantGroup section */
		14ABC4E01CE39774006AAC2F /* Main.storyboard */ = {
			isa = PBXVariantGroup;
			children = (
				14ABC4E11CE39774006AAC2F /* Base */,
			);
			name = Main.storyboard;
			sourceTree = "<group>";
		};
		14ABC4E81CE39775006AAC2F /* LaunchScreen.storyboard */ = {
			isa = PBXVariantGroup;
			children = (
				14ABC4E91CE39775006AAC2F /* Base */,
			);
			name = LaunchScreen.storyboard;
			sourceTree = "<group>";
		};
/* End PBXVariantGroup section */

/* Begin XCBuildConfiguration section */
		14ABC5021CE39775006AAC2F /* Debug */ = {
			isa = XCBuildConfiguration;
			buildSettings = {
				ALWAYS_SEARCH_USER_PATHS = NO;
				CLANG_ANALYZER_NONNULL = YES;
				CLANG_CXX_LANGUAGE_STANDARD = "gnu++0x";
				CLANG_CXX_LIBRARY = "libc++";
				CLANG_ENABLE_MODULES = YES;
				CLANG_ENABLE_OBJC_ARC = YES;
				CLANG_WARN_BOOL_CONVERSION = YES;
				CLANG_WARN_CONSTANT_CONVERSION = YES;
				CLANG_WARN_DIRECT_OBJC_ISA_USAGE = YES_ERROR;
				CLANG_WARN_EMPTY_BODY = YES;
				CLANG_WARN_ENUM_CONVERSION = YES;
				CLANG_WARN_INT_CONVERSION = YES;
				CLANG_WARN_OBJC_ROOT_CLASS = YES_ERROR;
				CLANG_WARN_UNREACHABLE_CODE = YES;
				CLANG_WARN__DUPLICATE_METHOD_MATCH = YES;
				"CODE_SIGN_IDENTITY[sdk=iphoneos*]" = "iPhone Developer";
				COPY_PHASE_STRIP = NO;
				DEBUG_INFORMATION_FORMAT = dwarf;
				ENABLE_STRICT_OBJC_MSGSEND = YES;
				ENABLE_TESTABILITY = YES;
				GCC_C_LANGUAGE_STANDARD = gnu99;
				GCC_DYNAMIC_NO_PIC = NO;
				GCC_NO_COMMON_BLOCKS = YES;
				GCC_OPTIMIZATION_LEVEL = 0;
				GCC_PREPROCESSOR_DEFINITIONS = (
					"DEBUG=1",
					"$(inherited)",
				);
				GCC_WARN_64_TO_32_BIT_CONVERSION = YES;
				GCC_WARN_ABOUT_RETURN_TYPE = YES_ERROR;
				GCC_WARN_UNDECLARED_SELECTOR = YES;
				GCC_WARN_UNINITIALIZED_AUTOS = YES_AGGRESSIVE;
				GCC_WARN_UNUSED_FUNCTION = YES;
				GCC_WARN_UNUSED_VARIABLE = YES;
				IPHONEOS_DEPLOYMENT_TARGET = 9.1;
				MTL_ENABLE_DEBUG_INFO = YES;
				ONLY_ACTIVE_ARCH = YES;
				SDKROOT = iphoneos;
				SWIFT_OPTIMIZATION_LEVEL = "-Onone";
			};
			name = Debug;
		};
		14ABC5031CE39775006AAC2F /* Release */ = {
			isa = XCBuildConfiguration;
			buildSettings = {
				ALWAYS_SEARCH_USER_PATHS = NO;
				CLANG_ANALYZER_NONNULL = YES;
				CLANG_CXX_LANGUAGE_STANDARD = "gnu++0x";
				CLANG_CXX_LIBRARY = "libc++";
				CLANG_ENABLE_MODULES = YES;
				CLANG_ENABLE_OBJC_ARC = YES;
				CLANG_WARN_BOOL_CONVERSION = YES;
				CLANG_WARN_CONSTANT_CONVERSION = YES;
				CLANG_WARN_DIRECT_OBJC_ISA_USAGE = YES_ERROR;
				CLANG_WARN_EMPTY_BODY = YES;
				CLANG_WARN_ENUM_CONVERSION = YES;
				CLANG_WARN_INT_CONVERSION = YES;
				CLANG_WARN_OBJC_ROOT_CLASS = YES_ERROR;
				CLANG_WARN_UNREACHABLE_CODE = YES;
				CLANG_WARN__DUPLICATE_METHOD_MATCH = YES;
				"CODE_SIGN_IDENTITY[sdk=iphoneos*]" = "iPhone Developer";
				COPY_PHASE_STRIP = NO;
				DEBUG_INFORMATION_FORMAT = "dwarf-with-dsym";
				ENABLE_NS_ASSERTIONS = NO;
				ENABLE_STRICT_OBJC_MSGSEND = YES;
				GCC_C_LANGUAGE_STANDARD = gnu99;
				GCC_NO_COMMON_BLOCKS = YES;
				GCC_WARN_64_TO_32_BIT_CONVERSION = YES;
				GCC_WARN_ABOUT_RETURN_TYPE = YES_ERROR;
				GCC_WARN_UNDECLARED_SELECTOR = YES;
				GCC_WARN_UNINITIALIZED_AUTOS = YES_AGGRESSIVE;
				GCC_WARN_UNUSED_FUNCTION = YES;
				GCC_WARN_UNUSED_VARIABLE = YES;
				IPHONEOS_DEPLOYMENT_TARGET = 9.1;
				MTL_ENABLE_DEBUG_INFO = NO;
				SDKROOT = iphoneos;
				VALIDATE_PRODUCT = YES;
			};
			name = Release;
		};
		14ABC5051CE39775006AAC2F /* Debug */ = {
			isa = XCBuildConfiguration;
			baseConfigurationReference = F8F7397432A26BED8ABF2BC2 /* Pods-LitePaybook.debug.xcconfig */;
			buildSettings = {
				ASSETCATALOG_COMPILER_APPICON_NAME = AppIcon;
				CLANG_ENABLE_MODULES = YES;
				INFOPLIST_FILE = LitePaybook/Info.plist;
				LD_RUNPATH_SEARCH_PATHS = "$(inherited) @executable_path/Frameworks";
				PRODUCT_BUNDLE_IDENTIFIER = com.paybook.LitePaybook;
				PRODUCT_NAME = "$(TARGET_NAME)";
				SWIFT_OBJC_BRIDGING_HEADER = "LitePaybook-Bridging-Header.h";
				SWIFT_OPTIMIZATION_LEVEL = "-Onone";
			};
			name = Debug;
		};
		14ABC5061CE39775006AAC2F /* Release */ = {
			isa = XCBuildConfiguration;
			baseConfigurationReference = E6D4FD635243272933D6EEF0 /* Pods-LitePaybook.release.xcconfig */;
			buildSettings = {
				ASSETCATALOG_COMPILER_APPICON_NAME = AppIcon;
				CLANG_ENABLE_MODULES = YES;
				INFOPLIST_FILE = LitePaybook/Info.plist;
				LD_RUNPATH_SEARCH_PATHS = "$(inherited) @executable_path/Frameworks";
				PRODUCT_BUNDLE_IDENTIFIER = com.paybook.LitePaybook;
				PRODUCT_NAME = "$(TARGET_NAME)";
				SWIFT_OBJC_BRIDGING_HEADER = "LitePaybook-Bridging-Header.h";
			};
			name = Release;
		};
		14ABC5081CE39775006AAC2F /* Debug */ = {
			isa = XCBuildConfiguration;
			buildSettings = {
				BUNDLE_LOADER = "$(TEST_HOST)";
				INFOPLIST_FILE = LitePaybookTests/Info.plist;
				LD_RUNPATH_SEARCH_PATHS = "$(inherited) @executable_path/Frameworks @loader_path/Frameworks";
				PRODUCT_BUNDLE_IDENTIFIER = com.paybook.LitePaybookTests;
				PRODUCT_NAME = "$(TARGET_NAME)";
				TEST_HOST = "$(BUILT_PRODUCTS_DIR)/LitePaybook.app/LitePaybook";
			};
			name = Debug;
		};
		14ABC5091CE39775006AAC2F /* Release */ = {
			isa = XCBuildConfiguration;
			buildSettings = {
				BUNDLE_LOADER = "$(TEST_HOST)";
				INFOPLIST_FILE = LitePaybookTests/Info.plist;
				LD_RUNPATH_SEARCH_PATHS = "$(inherited) @executable_path/Frameworks @loader_path/Frameworks";
				PRODUCT_BUNDLE_IDENTIFIER = com.paybook.LitePaybookTests;
				PRODUCT_NAME = "$(TARGET_NAME)";
				TEST_HOST = "$(BUILT_PRODUCTS_DIR)/LitePaybook.app/LitePaybook";
			};
			name = Release;
		};
		14ABC50B1CE39775006AAC2F /* Debug */ = {
			isa = XCBuildConfiguration;
			buildSettings = {
				INFOPLIST_FILE = LitePaybookUITests/Info.plist;
				LD_RUNPATH_SEARCH_PATHS = "$(inherited) @executable_path/Frameworks @loader_path/Frameworks";
				PRODUCT_BUNDLE_IDENTIFIER = com.paybook.LitePaybookUITests;
				PRODUCT_NAME = "$(TARGET_NAME)";
				TEST_TARGET_NAME = LitePaybook;
			};
			name = Debug;
		};
		14ABC50C1CE39775006AAC2F /* Release */ = {
			isa = XCBuildConfiguration;
			buildSettings = {
				INFOPLIST_FILE = LitePaybookUITests/Info.plist;
				LD_RUNPATH_SEARCH_PATHS = "$(inherited) @executable_path/Frameworks @loader_path/Frameworks";
				PRODUCT_BUNDLE_IDENTIFIER = com.paybook.LitePaybookUITests;
				PRODUCT_NAME = "$(TARGET_NAME)";
				TEST_TARGET_NAME = LitePaybook;
			};
			name = Release;
		};
/* End XCBuildConfiguration section */

/* Begin XCConfigurationList section */
		14ABC4D41CE39773006AAC2F /* Build configuration list for PBXProject "LitePaybook" */ = {
			isa = XCConfigurationList;
			buildConfigurations = (
				14ABC5021CE39775006AAC2F /* Debug */,
				14ABC5031CE39775006AAC2F /* Release */,
			);
			defaultConfigurationIsVisible = 0;
			defaultConfigurationName = Release;
		};
		14ABC5041CE39775006AAC2F /* Build configuration list for PBXNativeTarget "LitePaybook" */ = {
			isa = XCConfigurationList;
			buildConfigurations = (
				14ABC5051CE39775006AAC2F /* Debug */,
				14ABC5061CE39775006AAC2F /* Release */,
			);
			defaultConfigurationIsVisible = 0;
			defaultConfigurationName = Release;
		};
		14ABC5071CE39775006AAC2F /* Build configuration list for PBXNativeTarget "LitePaybookTests" */ = {
			isa = XCConfigurationList;
			buildConfigurations = (
				14ABC5081CE39775006AAC2F /* Debug */,
				14ABC5091CE39775006AAC2F /* Release */,
			);
			defaultConfigurationIsVisible = 0;
			defaultConfigurationName = Release;
		};
		14ABC50A1CE39775006AAC2F /* Build configuration list for PBXNativeTarget "LitePaybookUITests" */ = {
			isa = XCConfigurationList;
			buildConfigurations = (
				14ABC50B1CE39775006AAC2F /* Debug */,
				14ABC50C1CE39775006AAC2F /* Release */,
			);
			defaultConfigurationIsVisible = 0;
			defaultConfigurationName = Release;
		};
/* End XCConfigurationList section */

/* Begin XCVersionGroup section */
		14ABC4E31CE39775006AAC2F /* LitePaybook.xcdatamodeld */ = {
			isa = XCVersionGroup;
			children = (
				14ABC4E41CE39775006AAC2F /* LitePaybook.xcdatamodel */,
			);
			currentVersion = 14ABC4E41CE39775006AAC2F /* LitePaybook.xcdatamodel */;
			path = LitePaybook.xcdatamodeld;
			sourceTree = "<group>";
			versionGroupType = wrapper.xcdatamodel;
		};
/* End XCVersionGroup section */
	};
	rootObject = 14ABC4D11CE39773006AAC2F /* Project object */;
}
